
Microsoft Visual Studio Solution File, Format Version 12.00
# Visual Studio Version 18
VisualStudioVersion = 18.1.11304.174
MinimumVisualStudioVersion = 10.0.40219.1
Project("{2150E333-8FDC-42A3-9474-1A3956D46DE8}") = "Solution Items", "Solution Items", "{33CFA06F-E3E5-4B3E-8E08-D125E67E4F8D}"
	ProjectSection(SolutionItems) = preProject
		CHANGELOG.md = CHANGELOG.md
		CODE_OF_CONDUCT.md = CODE_OF_CONDUCT.md
		CONTRIBUTING.md = CONTRIBUTING.md
		LICENSE = LICENSE
		NOTICE = NOTICE
		README.md = README.md
		ROADMAP.md = ROADMAP.md
	EndProjectSection
EndProject
Project("{2150E333-8FDC-42A3-9474-1A3956D46DE8}") = ".github", ".github", "{5FAA0D47-F8B6-474F-8D7E-C77E2303B3AD}"
	ProjectSection(SolutionItems) = preProject
		.github\FUNDING.yml = .github\FUNDING.yml
	EndProjectSection
EndProject
Project("{2150E333-8FDC-42A3-9474-1A3956D46DE8}") = "workflows", "workflows", "{1DF43F7A-639A-4D5D-9F42-7CE2421F7B0F}"
	ProjectSection(SolutionItems) = preProject
		.github\workflows\ci.yml = .github\workflows\ci.yml
		.github\workflows\codeql.yml = .github\workflows\codeql.yml
	EndProjectSection
EndProject
Project("{2150E333-8FDC-42A3-9474-1A3956D46DE8}") = "tests", "tests", "{7BBBE559-27C9-4B34-BA50-989EF3964026}"
EndProject
Project("{FAE04EC0-301F-11D3-BF4B-00C04F79EFBC}") = "Delphinus", "src\Delphinus\Delphinus.csproj", "{566049BF-F023-D46B-A18A-6ACD6CF00ACC}"
EndProject
Project("{FAE04EC0-301F-11D3-BF4B-00C04F79EFBC}") = "Delphinus.UnitTests", "tests\Delphinus.UnitTests\Delphinus.UnitTests.csproj", "{CD51C2AD-50F6-6079-1BC9-30B1F1620FE1}"
EndProject
Project("{FAE04EC0-301F-11D3-BF4B-00C04F79EFBC}") = "Delphinus.Tests", "tests\Delphinus.Tests\Delphinus.Tests.csproj", "{702BC01B-9D7C-6E84-4DB3-D7565B2FBF70}"
EndProject
Global
	GlobalSection(SolutionConfigurationPlatforms) = preSolution
		Debug|Any CPU = Debug|Any CPU
		Release|Any CPU = Release|Any CPU
	EndGlobalSection
	GlobalSection(ProjectConfigurationPlatforms) = postSolution
		{566049BF-F023-D46B-A18A-6ACD6CF00ACC}.Debug|Any CPU.ActiveCfg = Debug|Any CPU
		{566049BF-F023-D46B-A18A-6ACD6CF00ACC}.Debug|Any CPU.Build.0 = Debug|Any CPU
		{566049BF-F023-D46B-A18A-6ACD6CF00ACC}.Release|Any CPU.ActiveCfg = Release|Any CPU
		{566049BF-F023-D46B-A18A-6ACD6CF00ACC}.Release|Any CPU.Build.0 = Release|Any CPU
		{CD51C2AD-50F6-6079-1BC9-30B1F1620FE1}.Debug|Any CPU.ActiveCfg = Debug|Any CPU
		{CD51C2AD-50F6-6079-1BC9-30B1F1620FE1}.Debug|Any CPU.Build.0 = Debug|Any CPU
		{CD51C2AD-50F6-6079-1BC9-30B1F1620FE1}.Release|Any CPU.ActiveCfg = Release|Any CPU
		{CD51C2AD-50F6-6079-1BC9-30B1F1620FE1}.Release|Any CPU.Build.0 = Release|Any CPU
		{702BC01B-9D7C-6E84-4DB3-D7565B2FBF70}.Debug|Any CPU.ActiveCfg = Debug|Any CPU
		{702BC01B-9D7C-6E84-4DB3-D7565B2FBF70}.Debug|Any CPU.Build.0 = Debug|Any CPU
		{702BC01B-9D7C-6E84-4DB3-D7565B2FBF70}.Release|Any CPU.ActiveCfg = Release|Any CPU
		{702BC01B-9D7C-6E84-4DB3-D7565B2FBF70}.Release|Any CPU.Build.0 = Release|Any CPU
	EndGlobalSection
	GlobalSection(SolutionProperties) = preSolution
		HideSolutionNode = FALSE
	EndGlobalSection
	GlobalSection(NestedProjects) = preSolution
		{5FAA0D47-F8B6-474F-8D7E-C77E2303B3AD} = {33CFA06F-E3E5-4B3E-8E08-D125E67E4F8D}
		{1DF43F7A-639A-4D5D-9F42-7CE2421F7B0F} = {5FAA0D47-F8B6-474F-8D7E-C77E2303B3AD}
		{CD51C2AD-50F6-6079-1BC9-30B1F1620FE1} = {7BBBE559-27C9-4B34-BA50-989EF3964026}
		{702BC01B-9D7C-6E84-4DB3-D7565B2FBF70} = {7BBBE559-27C9-4B34-BA50-989EF3964026}
	EndGlobalSection
	GlobalSection(ExtensibilityGlobals) = postSolution
		SolutionGuid = {60B79B60-7A7A-431E-8479-B5BC8CB1C551}
	EndGlobalSection
EndGlobal
